
Microsoft Visual Studio Solution File, Format Version 12.00
# Visual Studio Version 16
VisualStudioVersion = 16.0.36602.28
MinimumVisualStudioVersion = 10.0.40219.1
Project("{8BC9CEB8-8B4A-11D0-8D11-00A0C91BC942}") = "nfs_install", "nfs_install\nfs_install.vcxproj", "{D99CCE56-FF7D-44D3-8E75-EB6D8F47CFA1}"
EndProject
Project("{8BC9CEB8-8B4A-11D0-8D11-00A0C91BC942}") = "nfs_mount", "nfs_mount\nfs_mount.vcxproj", "{896D812D-B4AC-4661-A9ED-7DE94BB68365}"
EndProject
Project("{8BC9CEB8-8B4A-11D0-8D11-00A0C91BC942}") = "nfs41_np", "nfs41_np\nfs41_np.vcxproj", "{833F4171-5B96-4BB0-8D9D-BB926ECA8976}"
EndProject
Project("{8BC9CEB8-8B4A-11D0-8D11-00A0C91BC942}") = "nfs41_driver", "nfs41_driver\nfs41_driver.vcxproj", "{78E2A6FE-05E7-40F8-AE1E-29BC3C307859}"
EndProject
Project("{8BC9CEB8-8B4A-11D0-8D11-00A0C91BC942}") = "nfsd", "nfsd\nfsd.vcxproj", "{FAE57101-F0EE-46CB-986D-E19A796693F7}"
	ProjectSection(ProjectDependencies) = postProject
		{3B0A10FB-7CF3-4A91-9767-3BA6FEDE7FFE} = {3B0A10FB-7CF3-4A91-9767-3BA6FEDE7FFE}
	EndProjectSection
EndProject
Project("{8BC9CEB8-8B4A-11D0-8D11-00A0C91BC942}") = "libtirpc", "libtirpc\libtirpc.vcxproj", "{3B0A10FB-7CF3-4A91-9767-3BA6FEDE7FFE}"
EndProject
Project("{8BC9CEB8-8B4A-11D0-8D11-00A0C91BC942}") = "nfsclientdctl", "nfsclientdctl\nfsclientdctl.vcxproj", "{3E612F91-75FB-419B-8663-8DC530D17C33}"
EndProject
Global
	GlobalSection(SolutionConfigurationPlatforms) = preSolution
		Debug|ARM64 = Debug|ARM64
		Debug|x64 = Debug|x64
		Debug|x86 = Debug|x86
		Release|ARM64 = Release|ARM64
		Release|x64 = Release|x64
		Release|x86 = Release|x86
	EndGlobalSection
	GlobalSection(ProjectConfigurationPlatforms) = postSolution
		{D99CCE56-FF7D-44D3-8E75-EB6D8F47CFA1}.Debug|ARM64.ActiveCfg = Debug|ARM64
		{D99CCE56-FF7D-44D3-8E75-EB6D8F47CFA1}.Debug|ARM64.Build.0 = Debug|ARM64
		{D99CCE56-FF7D-44D3-8E75-EB6D8F47CFA1}.Debug|x64.ActiveCfg = Debug|x64
		{D99CCE56-FF7D-44D3-8E75-EB6D8F47CFA1}.Debug|x64.Build.0 = Debug|x64
		{D99CCE56-FF7D-44D3-8E75-EB6D8F47CFA1}.Debug|x86.ActiveCfg = Debug|Win32
		{D99CCE56-FF7D-44D3-8E75-EB6D8F47CFA1}.Debug|x86.Build.0 = Debug|Win32
		{D99CCE56-FF7D-44D3-8E75-EB6D8F47CFA1}.Release|ARM64.ActiveCfg = Release|ARM64
		{D99CCE56-FF7D-44D3-8E75-EB6D8F47CFA1}.Release|ARM64.Build.0 = Release|ARM64
		{D99CCE56-FF7D-44D3-8E75-EB6D8F47CFA1}.Release|x64.ActiveCfg = Release|x64
		{D99CCE56-FF7D-44D3-8E75-EB6D8F47CFA1}.Release|x64.Build.0 = Release|x64
		{D99CCE56-FF7D-44D3-8E75-EB6D8F47CFA1}.Release|x86.ActiveCfg = Release|Win32
		{D99CCE56-FF7D-44D3-8E75-EB6D8F47CFA1}.Release|x86.Build.0 = Release|Win32
		{896D812D-B4AC-4661-A9ED-7DE94BB68365}.Debug|ARM64.ActiveCfg = Debug|ARM64
		{896D812D-B4AC-4661-A9ED-7DE94BB68365}.Debug|ARM64.Build.0 = Debug|ARM64
		{896D812D-B4AC-4661-A9ED-7DE94BB68365}.Debug|x64.ActiveCfg = Debug|x64
		{896D812D-B4AC-4661-A9ED-7DE94BB68365}.Debug|x64.Build.0 = Debug|x64
		{896D812D-B4AC-4661-A9ED-7DE94BB68365}.Debug|x86.ActiveCfg = Debug|Win32
		{896D812D-B4AC-4661-A9ED-7DE94BB68365}.Debug|x86.Build.0 = Debug|Win32
		{896D812D-B4AC-4661-A9ED-7DE94BB68365}.Release|ARM64.ActiveCfg = Release|ARM64
		{896D812D-B4AC-4661-A9ED-7DE94BB68365}.Release|ARM64.Build.0 = Release|ARM64
		{896D812D-B4AC-4661-A9ED-7DE94BB68365}.Release|x64.ActiveCfg = Release|x64
		{896D812D-B4AC-4661-A9ED-7DE94BB68365}.Release|x64.Build.0 = Release|x64
		{896D812D-B4AC-4661-A9ED-7DE94BB68365}.Release|x86.ActiveCfg = Release|Win32
		{896D812D-B4AC-4661-A9ED-7DE94BB68365}.Release|x86.Build.0 = Release|Win32
		{833F4171-5B96-4BB0-8D9D-BB926ECA8976}.Debug|ARM64.ActiveCfg = Debug|ARM64
		{833F4171-5B96-4BB0-8D9D-BB926ECA8976}.Debug|ARM64.Build.0 = Debug|ARM64
		{833F4171-5B96-4BB0-8D9D-BB926ECA8976}.Debug|x64.ActiveCfg = Debug|x64
		{833F4171-5B96-4BB0-8D9D-BB926ECA8976}.Debug|x64.Build.0 = Debug|x64
		{833F4171-5B96-4BB0-8D9D-BB926ECA8976}.Debug|x86.ActiveCfg = Debug|Win32
		{833F4171-5B96-4BB0-8D9D-BB926ECA8976}.Debug|x86.Build.0 = Debug|Win32
		{833F4171-5B96-4BB0-8D9D-BB926ECA8976}.Release|ARM64.ActiveCfg = Release|ARM64
		{833F4171-5B96-4BB0-8D9D-BB926ECA8976}.Release|ARM64.Build.0 = Release|ARM64
		{833F4171-5B96-4BB0-8D9D-BB926ECA8976}.Release|x64.ActiveCfg = Release|x64
		{833F4171-5B96-4BB0-8D9D-BB926ECA8976}.Release|x64.Build.0 = Release|x64
		{833F4171-5B96-4BB0-8D9D-BB926ECA8976}.Release|x86.ActiveCfg = Release|Win32
		{833F4171-5B96-4BB0-8D9D-BB926ECA8976}.Release|x86.Build.0 = Release|Win32
		{78E2A6FE-05E7-40F8-AE1E-29BC3C307859}.Debug|ARM64.ActiveCfg = Debug|ARM64
		{78E2A6FE-05E7-40F8-AE1E-29BC3C307859}.Debug|ARM64.Build.0 = Debug|ARM64
		{78E2A6FE-05E7-40F8-AE1E-29BC3C307859}.Debug|x64.ActiveCfg = Debug|x64
		{78E2A6FE-05E7-40F8-AE1E-29BC3C307859}.Debug|x64.Build.0 = Debug|x64
		{78E2A6FE-05E7-40F8-AE1E-29BC3C307859}.Debug|x86.ActiveCfg = Debug|Win32
		{78E2A6FE-05E7-40F8-AE1E-29BC3C307859}.Debug|x86.Build.0 = Debug|Win32
		{78E2A6FE-05E7-40F8-AE1E-29BC3C307859}.Debug|x86.Deploy.0 = Debug|Win32
		{78E2A6FE-05E7-40F8-AE1E-29BC3C307859}.Release|ARM64.ActiveCfg = Release|ARM64
		{78E2A6FE-05E7-40F8-AE1E-29BC3C307859}.Release|ARM64.Build.0 = Release|ARM64
		{78E2A6FE-05E7-40F8-AE1E-29BC3C307859}.Release|x64.ActiveCfg = Release|x64
		{78E2A6FE-05E7-40F8-AE1E-29BC3C307859}.Release|x64.Build.0 = Release|x64
		{78E2A6FE-05E7-40F8-AE1E-29BC3C307859}.Release|x86.ActiveCfg = Release|Win32
		{78E2A6FE-05E7-40F8-AE1E-29BC3C307859}.Release|x86.Build.0 = Release|Win32
		{78E2A6FE-05E7-40F8-AE1E-29BC3C307859}.Release|x86.Deploy.0 = Release|Win32
		{FAE57101-F0EE-46CB-986D-E19A796693F7}.Debug|ARM64.ActiveCfg = Debug|ARM64
		{FAE57101-F0EE-46CB-986D-E19A796693F7}.Debug|ARM64.Build.0 = Debug|ARM64
		{FAE57101-F0EE-46CB-986D-E19A796693F7}.Debug|x64.ActiveCfg = Debug|x64
		{FAE57101-F0EE-46CB-986D-E19A796693F7}.Debug|x64.Build.0 = Debug|x64
		{FAE57101-F0EE-46CB-986D-E19A796693F7}.Debug|x86.ActiveCfg = Debug|Win32
		{FAE57101-F0EE-46CB-986D-E19A796693F7}.Debug|x86.Build.0 = Debug|Win32
		{FAE57101-F0EE-46CB-986D-E19A796693F7}.Release|ARM64.ActiveCfg = Release|ARM64
		{FAE57101-F0EE-46CB-986D-E19A796693F7}.Release|ARM64.Build.0 = Release|ARM64
		{FAE57101-F0EE-46CB-986D-E19A796693F7}.Release|x64.ActiveCfg = Release|x64
		{FAE57101-F0EE-46CB-986D-E19A796693F7}.Release|x64.Build.0 = Release|x64
		{FAE57101-F0EE-46CB-986D-E19A796693F7}.Release|x86.ActiveCfg = Release|Win32
		{FAE57101-F0EE-46CB-986D-E19A796693F7}.Release|x86.Build.0 = Release|Win32
		{3B0A10FB-7CF3-4A91-9767-3BA6FEDE7FFE}.Debug|ARM64.ActiveCfg = Debug|ARM64
		{3B0A10FB-7CF3-4A91-9767-3BA6FEDE7FFE}.Debug|ARM64.Build.0 = Debug|ARM64
		{3B0A10FB-7CF3-4A91-9767-3BA6FEDE7FFE}.Debug|x64.ActiveCfg = Debug|x64
		{3B0A10FB-7CF3-4A91-9767-3BA6FEDE7FFE}.Debug|x64.Build.0 = Debug|x64
		{3B0A10FB-7CF3-4A91-9767-3BA6FEDE7FFE}.Debug|x86.ActiveCfg = Debug|Win32
		{3B0A10FB-7CF3-4A91-9767-3BA6FEDE7FFE}.Debug|x86.Build.0 = Debug|Win32
		{3B0A10FB-7CF3-4A91-9767-3BA6FEDE7FFE}.Release|ARM64.ActiveCfg = Release|ARM64
		{3B0A10FB-7CF3-4A91-9767-3BA6FEDE7FFE}.Release|ARM64.Build.0 = Release|ARM64
		{3B0A10FB-7CF3-4A91-9767-3BA6FEDE7FFE}.Release|x64.ActiveCfg = Release|x64
		{3B0A10FB-7CF3-4A91-9767-3BA6FEDE7FFE}.Release|x64.Build.0 = Release|x64
		{3B0A10FB-7CF3-4A91-9767-3BA6FEDE7FFE}.Release|x86.ActiveCfg = Release|Win32
		{3B0A10FB-7CF3-4A91-9767-3BA6FEDE7FFE}.Release|x86.Build.0 = Release|Win32
		{3E612F91-75FB-419B-8663-8DC530D17C33}.Debug|ARM64.ActiveCfg = Debug|ARM64
		{3E612F91-75FB-419B-8663-8DC530D17C33}.Debug|ARM64.Build.0 = Debug|ARM64
		{3E612F91-75FB-419B-8663-8DC530D17C33}.Debug|x64.ActiveCfg = Debug|x64
		{3E612F91-75FB-419B-8663-8DC530D17C33}.Debug|x64.Build.0 = Debug|x64
		{3E612F91-75FB-419B-8663-8DC530D17C33}.Debug|x86.ActiveCfg = Debug|Win32
		{3E612F91-75FB-419B-8663-8DC530D17C33}.Debug|x86.Build.0 = Debug|Win32
		{3E612F91-75FB-419B-8663-8DC530D17C33}.Release|ARM64.ActiveCfg = Release|ARM64
		{3E612F91-75FB-419B-8663-8DC530D17C33}.Release|ARM64.Build.0 = Release|ARM64
		{3E612F91-75FB-419B-8663-8DC530D17C33}.Release|x64.ActiveCfg = Release|x64
		{3E612F91-75FB-419B-8663-8DC530D17C33}.Release|x64.Build.0 = Release|x64
		{3E612F91-75FB-419B-8663-8DC530D17C33}.Release|x86.ActiveCfg = Release|Win32
		{3E612F91-75FB-419B-8663-8DC530D17C33}.Release|x86.Build.0 = Release|Win32
	EndGlobalSection
	GlobalSection(SolutionProperties) = preSolution
		HideSolutionNode = FALSE
	EndGlobalSection
	GlobalSection(ExtensibilityGlobals) = postSolution
		SolutionGuid = {9AEA2540-709B-468E-9FFB-6E1838DBCE45}
	EndGlobalSection
EndGlobal
